{
  "lockfileVersion": 1,
  "configVersion": 0,
  "workspaces": {
    "": {
      "devDependencies": {
        "@antithesishq/bombadil": "^0.7.0",
      },
    },
  },
  "packages": {
    "@antithesishq/bombadil": ["@antithesishq/bombadil@0.7.0", "", { "bin": { "bombadil": "bin/bombadil.js" } }, "sha512-alJmnphJ/iUoL5mCsnV3DwtajGy/sEQ3NJJCiMhgjqXshSq2BUtAs0vqdXEiiSkB8HbsOX5CLrAcaogYdwfAJg=="],
  }
}
